
Microsoft Visual Studio Solution File, Format Version 12.00
# Visual Studio 2015
Project("{FAE04EC0-301F-11D3-BF4B-00C04F79EFBC}") = "ReinasEPN.CSharp", "ReinasEPN.CSharp.csproj", "{C810110C-CBC8-747C-D71C-11569B4C4B23}"
EndProject
Global
	GlobalSection(SolutionConfigurationPlatforms) = preSolution
		Debug|Any CPU = Debug|Any CPU
		Release|Any CPU = Release|Any CPU
	EndGlobalSection
	GlobalSection(ProjectConfigurationPlatforms) = postSolution
		{C810110C-CBC8-747C-D71C-11569B4C4B23}.Debug|Any CPU.ActiveCfg = Debug|Any CPU
		{C810110C-CBC8-747C-D71C-11569B4C4B23}.Debug|Any CPU.Build.0 = Debug|Any CPU
		{C810110C-CBC8-747C-D71C-11569B4C4B23}.Release|Any CPU.ActiveCfg = Release|Any CPU
		{C810110C-CBC8-747C-D71C-11569B4C4B23}.Release|Any CPU.Build.0 = Release|Any CPU
	EndGlobalSection
	GlobalSection(SolutionProperties) = preSolution
		HideSolutionNode = FALSE
	EndGlobalSection
EndGlobal
