Microsoft Visual Studio Solution File, Format Version 11.00
# Visual Studio 2008

Project("{1402D593-B0BF-FC6A-324D-15C6A0FFD574}") = "Reinas", "Assembly-CSharp.csproj", "{63129B1B-786B-4DB0-6C33-F98E7A76BF99}"
EndProject
Global
	GlobalSection(SolutionConfigurationPlatforms) = preSolution
		Debug|Any CPU = Debug|Any CPU
		Release|Any CPU = Release|Any CPU
	EndGlobalSection
	GlobalSection(ProjectConfigurationPlatforms) = postSolution
		{63129B1B-786B-4DB0-6C33-F98E7A76BF99}.Debug|Any CPU.ActiveCfg = Debug|Any CPU
		{63129B1B-786B-4DB0-6C33-F98E7A76BF99}.Debug|Any CPU.Build.0 = Debug|Any CPU
		{63129B1B-786B-4DB0-6C33-F98E7A76BF99}.Release|Any CPU.ActiveCfg = Release|Any CPU
		{63129B1B-786B-4DB0-6C33-F98E7A76BF99}.Release|Any CPU.Build.0 = Release|Any CPU
	EndGlobalSection
	GlobalSection(SolutionProperties) = preSolution
		HideSolutionNode = FALSE
	EndGlobalSection
	GlobalSection(MonoDevelopProperties) = preSolution
		StartupItem = Assembly-CSharp.csproj
	EndGlobalSection
EndGlobal
